
Microsoft Visual Studio Solution File, Format Version 12.00
# Visual Studio Version 16
VisualStudioVersion = 16.0.29324.140
MinimumVisualStudioVersion = 10.0.40219.1
Project("{FAE04EC0-301F-11D3-BF4B-00C04F79EFBC}") = "UserRegistration", "UserRegistration.csproj", "{C0E77BA7-A6B5-4AE5-9DD1-1EA070E5A119}"
EndProject
Global
	GlobalSection(SolutionConfigurationPlatforms) = preSolution
		Debug|Any CPU = Debug|Any CPU
		Release|Any CPU = Release|Any CPU
	EndGlobalSection
	GlobalSection(ProjectConfigurationPlatforms) = postSolution
		{C0E77BA7-A6B5-4AE5-9DD1-1EA070E5A119}.Debug|Any CPU.ActiveCfg = Debug|Any CPU
		{C0E77BA7-A6B5-4AE5-9DD1-1EA070E5A119}.Debug|Any CPU.Build.0 = Debug|Any CPU
		{C0E77BA7-A6B5-4AE5-9DD1-1EA070E5A119}.Release|Any CPU.ActiveCfg = Release|Any CPU
		{C0E77BA7-A6B5-4AE5-9DD1-1EA070E5A119}.Release|Any CPU.Build.0 = Release|Any CPU
	EndGlobalSection
	GlobalSection(SolutionProperties) = preSolution
		HideSolutionNode = FALSE
	EndGlobalSection
	GlobalSection(ExtensibilityGlobals) = postSolution
		SolutionGuid = {314D9D5C-1C80-471F-91A7-6EF7740512B8}
	EndGlobalSection
EndGlobal
